
Microsoft Visual Studio Solution File, Format Version 12.00
# Visual Studio Version 17
VisualStudioVersion = 17.4.33122.133
MinimumVisualStudioVersion = 10.0.40219.1
Project("{FAE04EC0-301F-11D3-BF4B-00C04F79EFBC}") = "ShopApp.client", "ShopApp.client\ShopApp.client.csproj", "{9F51EBE8-2904-4C41-8A7C-9C76E8EB2F38}"
EndProject
Project("{FAE04EC0-301F-11D3-BF4B-00C04F79EFBC}") = "ShopApp.server", "ShopApp.server\ShopApp.server.csproj", "{6DE81C53-404F-430B-B64B-C151DA849C6B}"
EndProject
Project("{FAE04EC0-301F-11D3-BF4B-00C04F79EFBC}") = "ShopApp.shared", "ShopApp.shared\ShopApp.shared.csproj", "{337120A8-3E99-4FC3-A0E5-77AD01E1531B}"
EndProject
Global
	GlobalSection(SolutionConfigurationPlatforms) = preSolution
		Debug|Any CPU = Debug|Any CPU
		Release|Any CPU = Release|Any CPU
	EndGlobalSection
	GlobalSection(ProjectConfigurationPlatforms) = postSolution
		{9F51EBE8-2904-4C41-8A7C-9C76E8EB2F38}.Debug|Any CPU.ActiveCfg = Debug|Any CPU
		{9F51EBE8-2904-4C41-8A7C-9C76E8EB2F38}.Debug|Any CPU.Build.0 = Debug|Any CPU
		{9F51EBE8-2904-4C41-8A7C-9C76E8EB2F38}.Release|Any CPU.ActiveCfg = Release|Any CPU
		{9F51EBE8-2904-4C41-8A7C-9C76E8EB2F38}.Release|Any CPU.Build.0 = Release|Any CPU
		{6DE81C53-404F-430B-B64B-C151DA849C6B}.Debug|Any CPU.ActiveCfg = Debug|Any CPU
		{6DE81C53-404F-430B-B64B-C151DA849C6B}.Debug|Any CPU.Build.0 = Debug|Any CPU
		{6DE81C53-404F-430B-B64B-C151DA849C6B}.Release|Any CPU.ActiveCfg = Release|Any CPU
		{6DE81C53-404F-430B-B64B-C151DA849C6B}.Release|Any CPU.Build.0 = Release|Any CPU
		{337120A8-3E99-4FC3-A0E5-77AD01E1531B}.Debug|Any CPU.ActiveCfg = Debug|Any CPU
		{337120A8-3E99-4FC3-A0E5-77AD01E1531B}.Debug|Any CPU.Build.0 = Debug|Any CPU
		{337120A8-3E99-4FC3-A0E5-77AD01E1531B}.Release|Any CPU.ActiveCfg = Release|Any CPU
		{337120A8-3E99-4FC3-A0E5-77AD01E1531B}.Release|Any CPU.Build.0 = Release|Any CPU
	EndGlobalSection
	GlobalSection(SolutionProperties) = preSolution
		HideSolutionNode = FALSE
	EndGlobalSection
	GlobalSection(ExtensibilityGlobals) = postSolution
		SolutionGuid = {4D779817-D501-404C-AA95-89F8D59B32B3}
	EndGlobalSection
EndGlobal
